
Microsoft Visual Studio Solution File, Format Version 12.00
# Visual Studio 15
Project("{FAE04EC0-301F-11D3-BF4B-00C04F79EFBC}") = "Assembly-CSharp", "Assembly-CSharp.csproj", "{029733B5-2507-4953-8890-0CE38DD0B052}"
EndProject
Project("{FAE04EC0-301F-11D3-BF4B-00C04F79EFBC}") = "Assembly-CSharp-Editor", "Assembly-CSharp-Editor.csproj", "{3DA6034E-141E-7B1A-218E-14B86E7A4AD0}"
EndProject
Global
	GlobalSection(SolutionConfigurationPlatforms) = preSolution
		Debug|Any CPU = Debug|Any CPU
		Release|Any CPU = Release|Any CPU
	EndGlobalSection
	GlobalSection(ProjectConfigurationPlatforms) = postSolution
		{029733B5-2507-4953-8890-0CE38DD0B052}.Debug|Any CPU.ActiveCfg = Debug|Any CPU
		{029733B5-2507-4953-8890-0CE38DD0B052}.Debug|Any CPU.Build.0 = Debug|Any CPU
		{029733B5-2507-4953-8890-0CE38DD0B052}.Release|Any CPU.ActiveCfg = Release|Any CPU
		{029733B5-2507-4953-8890-0CE38DD0B052}.Release|Any CPU.Build.0 = Release|Any CPU
		{3DA6034E-141E-7B1A-218E-14B86E7A4AD0}.Debug|Any CPU.ActiveCfg = Debug|Any CPU
		{3DA6034E-141E-7B1A-218E-14B86E7A4AD0}.Debug|Any CPU.Build.0 = Debug|Any CPU
		{3DA6034E-141E-7B1A-218E-14B86E7A4AD0}.Release|Any CPU.ActiveCfg = Release|Any CPU
		{3DA6034E-141E-7B1A-218E-14B86E7A4AD0}.Release|Any CPU.Build.0 = Release|Any CPU
	EndGlobalSection
	GlobalSection(SolutionProperties) = preSolution
		HideSolutionNode = FALSE
	EndGlobalSection
EndGlobal
